
Microsoft Visual Studio Solution File, Format Version 11.00
# Visual Studio 2010
Project("{FAE04EC0-301F-11D3-BF4B-00C04F79EFBC}") = "152-xxxCommand", "152-xxxCommand\152-xxxCommand.csproj", "{935A8A38-B80F-4B28-95D2-3034CD846C0A}"
EndProject
Global
	GlobalSection(SolutionConfigurationPlatforms) = preSolution
		Debug|x86 = Debug|x86
		Release|x86 = Release|x86
	EndGlobalSection
	GlobalSection(ProjectConfigurationPlatforms) = postSolution
		{935A8A38-B80F-4B28-95D2-3034CD846C0A}.Debug|x86.ActiveCfg = Debug|x86
		{935A8A38-B80F-4B28-95D2-3034CD846C0A}.Debug|x86.Build.0 = Debug|x86
		{935A8A38-B80F-4B28-95D2-3034CD846C0A}.Release|x86.ActiveCfg = Release|x86
		{935A8A38-B80F-4B28-95D2-3034CD846C0A}.Release|x86.Build.0 = Release|x86
	EndGlobalSection
	GlobalSection(SolutionProperties) = preSolution
		HideSolutionNode = FALSE
	EndGlobalSection
EndGlobal
