
Microsoft Visual Studio Solution File, Format Version 11.00
# Visual Studio 2010
Project("{FAE04EC0-301F-11D3-BF4B-00C04F79EFBC}") = "340-Limitacoes", "340-Limitacoes\340-Limitacoes.csproj", "{D5A7B36D-D58F-4F97-9C5F-1A33E7EAB273}"
EndProject
Global
	GlobalSection(SolutionConfigurationPlatforms) = preSolution
		Debug|x86 = Debug|x86
		Release|x86 = Release|x86
	EndGlobalSection
	GlobalSection(ProjectConfigurationPlatforms) = postSolution
		{D5A7B36D-D58F-4F97-9C5F-1A33E7EAB273}.Debug|x86.ActiveCfg = Debug|x86
		{D5A7B36D-D58F-4F97-9C5F-1A33E7EAB273}.Debug|x86.Build.0 = Debug|x86
		{D5A7B36D-D58F-4F97-9C5F-1A33E7EAB273}.Release|x86.ActiveCfg = Release|x86
		{D5A7B36D-D58F-4F97-9C5F-1A33E7EAB273}.Release|x86.Build.0 = Release|x86
	EndGlobalSection
	GlobalSection(SolutionProperties) = preSolution
		HideSolutionNode = FALSE
	EndGlobalSection
EndGlobal
