
Microsoft Visual Studio Solution File, Format Version 11.00
# Visual Studio 2010
Project("{FAE04EC0-301F-11D3-BF4B-00C04F79EFBC}") = "135-GroupByMultiplosCriterios", "135-GroupByMultiplosCriterios\135-GroupByMultiplosCriterios.csproj", "{641FEA17-BC4F-42F2-B717-9396244CD92F}"
EndProject
Global
	GlobalSection(SolutionConfigurationPlatforms) = preSolution
		Debug|x86 = Debug|x86
		Release|x86 = Release|x86
	EndGlobalSection
	GlobalSection(ProjectConfigurationPlatforms) = postSolution
		{641FEA17-BC4F-42F2-B717-9396244CD92F}.Debug|x86.ActiveCfg = Debug|x86
		{641FEA17-BC4F-42F2-B717-9396244CD92F}.Debug|x86.Build.0 = Debug|x86
		{641FEA17-BC4F-42F2-B717-9396244CD92F}.Release|x86.ActiveCfg = Release|x86
		{641FEA17-BC4F-42F2-B717-9396244CD92F}.Release|x86.Build.0 = Release|x86
	EndGlobalSection
	GlobalSection(SolutionProperties) = preSolution
		HideSolutionNode = FALSE
	EndGlobalSection
EndGlobal
