
Microsoft Visual Studio Solution File, Format Version 11.00
# Visual Studio 2010
Project("{FAE04EC0-301F-11D3-BF4B-00C04F79EFBC}") = "131-ToArrayToListToDictionary", "131-ToArrayToListToDictionary\131-ToArrayToListToDictionary.csproj", "{05CDA91C-517E-4069-9C5A-CE4F37900FA2}"
EndProject
Global
	GlobalSection(SolutionConfigurationPlatforms) = preSolution
		Debug|x86 = Debug|x86
		Release|x86 = Release|x86
	EndGlobalSection
	GlobalSection(ProjectConfigurationPlatforms) = postSolution
		{05CDA91C-517E-4069-9C5A-CE4F37900FA2}.Debug|x86.ActiveCfg = Debug|x86
		{05CDA91C-517E-4069-9C5A-CE4F37900FA2}.Debug|x86.Build.0 = Debug|x86
		{05CDA91C-517E-4069-9C5A-CE4F37900FA2}.Release|x86.ActiveCfg = Release|x86
		{05CDA91C-517E-4069-9C5A-CE4F37900FA2}.Release|x86.Build.0 = Release|x86
	EndGlobalSection
	GlobalSection(SolutionProperties) = preSolution
		HideSolutionNode = FALSE
	EndGlobalSection
EndGlobal
