
Microsoft Visual Studio Solution File, Format Version 11.00
# Visual Studio 2010
Project("{FAE04EC0-301F-11D3-BF4B-00C04F79EFBC}") = "300-Background", "300-Background\300-Background.csproj", "{978DD644-75FD-476F-A323-BB07E13CE49D}"
EndProject
Global
	GlobalSection(SolutionConfigurationPlatforms) = preSolution
		Debug|Any CPU = Debug|Any CPU
		Release|Any CPU = Release|Any CPU
	EndGlobalSection
	GlobalSection(ProjectConfigurationPlatforms) = postSolution
		{978DD644-75FD-476F-A323-BB07E13CE49D}.Debug|Any CPU.ActiveCfg = Debug|Any CPU
		{978DD644-75FD-476F-A323-BB07E13CE49D}.Debug|Any CPU.Build.0 = Debug|Any CPU
		{978DD644-75FD-476F-A323-BB07E13CE49D}.Release|Any CPU.ActiveCfg = Release|Any CPU
		{978DD644-75FD-476F-A323-BB07E13CE49D}.Release|Any CPU.Build.0 = Release|Any CPU
	EndGlobalSection
	GlobalSection(SolutionProperties) = preSolution
		HideSolutionNode = FALSE
	EndGlobalSection
EndGlobal
