
Microsoft Visual Studio Solution File, Format Version 11.00
# Visual Studio 2010
Project("{FAE04EC0-301F-11D3-BF4B-00C04F79EFBC}") = "307-MouseMove", "307-MouseMove\307-MouseMove.csproj", "{96BD277A-4876-4AD9-90C8-334C1153DB97}"
EndProject
Project("{FAE04EC0-301F-11D3-BF4B-00C04F79EFBC}") = "307-MouseMove.Web", "307-MouseMove.Web\307-MouseMove.Web.csproj", "{0B279853-2B70-4C9C-A260-717E96AFF541}"
EndProject
Global
	GlobalSection(SolutionConfigurationPlatforms) = preSolution
		Debug|Any CPU = Debug|Any CPU
		Release|Any CPU = Release|Any CPU
	EndGlobalSection
	GlobalSection(ProjectConfigurationPlatforms) = postSolution
		{96BD277A-4876-4AD9-90C8-334C1153DB97}.Debug|Any CPU.ActiveCfg = Debug|Any CPU
		{96BD277A-4876-4AD9-90C8-334C1153DB97}.Debug|Any CPU.Build.0 = Debug|Any CPU
		{96BD277A-4876-4AD9-90C8-334C1153DB97}.Release|Any CPU.ActiveCfg = Release|Any CPU
		{96BD277A-4876-4AD9-90C8-334C1153DB97}.Release|Any CPU.Build.0 = Release|Any CPU
		{0B279853-2B70-4C9C-A260-717E96AFF541}.Debug|Any CPU.ActiveCfg = Debug|Any CPU
		{0B279853-2B70-4C9C-A260-717E96AFF541}.Debug|Any CPU.Build.0 = Debug|Any CPU
		{0B279853-2B70-4C9C-A260-717E96AFF541}.Release|Any CPU.ActiveCfg = Release|Any CPU
		{0B279853-2B70-4C9C-A260-717E96AFF541}.Release|Any CPU.Build.0 = Release|Any CPU
	EndGlobalSection
	GlobalSection(SolutionProperties) = preSolution
		HideSolutionNode = FALSE
	EndGlobalSection
EndGlobal
