
Microsoft Visual Studio Solution File, Format Version 11.00
# Visual Studio 2010
Project("{FAE04EC0-301F-11D3-BF4B-00C04F79EFBC}") = "021-Struct", "021-Struct\021-Struct.csproj", "{12A1CB81-0DCB-4437-BE30-B3D0C6930D1E}"
EndProject
Global
	GlobalSection(SolutionConfigurationPlatforms) = preSolution
		Debug|x86 = Debug|x86
		Release|x86 = Release|x86
	EndGlobalSection
	GlobalSection(ProjectConfigurationPlatforms) = postSolution
		{12A1CB81-0DCB-4437-BE30-B3D0C6930D1E}.Debug|x86.ActiveCfg = Debug|x86
		{12A1CB81-0DCB-4437-BE30-B3D0C6930D1E}.Debug|x86.Build.0 = Debug|x86
		{12A1CB81-0DCB-4437-BE30-B3D0C6930D1E}.Release|x86.ActiveCfg = Release|x86
		{12A1CB81-0DCB-4437-BE30-B3D0C6930D1E}.Release|x86.Build.0 = Release|x86
	EndGlobalSection
	GlobalSection(SolutionProperties) = preSolution
		HideSolutionNode = FALSE
	EndGlobalSection
EndGlobal
