
Microsoft Visual Studio Solution File, Format Version 11.00
# Visual Studio 2010
Project("{FAE04EC0-301F-11D3-BF4B-00C04F79EFBC}") = "352-AsyncResult", "352-AsyncResult\352-AsyncResult.csproj", "{84EEEF46-9B0C-4C3A-95C5-486855B4D42B}"
EndProject
Global
	GlobalSection(SolutionConfigurationPlatforms) = preSolution
		Debug|x86 = Debug|x86
		Release|x86 = Release|x86
	EndGlobalSection
	GlobalSection(ProjectConfigurationPlatforms) = postSolution
		{84EEEF46-9B0C-4C3A-95C5-486855B4D42B}.Debug|x86.ActiveCfg = Debug|x86
		{84EEEF46-9B0C-4C3A-95C5-486855B4D42B}.Debug|x86.Build.0 = Debug|x86
		{84EEEF46-9B0C-4C3A-95C5-486855B4D42B}.Release|x86.ActiveCfg = Release|x86
		{84EEEF46-9B0C-4C3A-95C5-486855B4D42B}.Release|x86.Build.0 = Release|x86
	EndGlobalSection
	GlobalSection(SolutionProperties) = preSolution
		HideSolutionNode = FALSE
	EndGlobalSection
EndGlobal
