
Microsoft Visual Studio Solution File, Format Version 11.00
# Visual Studio 2010
Project("{FAE04EC0-301F-11D3-BF4B-00C04F79EFBC}") = "037-Classe", "037-Classe\037-Classe.csproj", "{F0AEB8C5-71C4-4316-ABBF-EDAE86C8C1E7}"
EndProject
Global
	GlobalSection(SolutionConfigurationPlatforms) = preSolution
		Debug|x86 = Debug|x86
		Release|x86 = Release|x86
	EndGlobalSection
	GlobalSection(ProjectConfigurationPlatforms) = postSolution
		{F0AEB8C5-71C4-4316-ABBF-EDAE86C8C1E7}.Debug|x86.ActiveCfg = Debug|x86
		{F0AEB8C5-71C4-4316-ABBF-EDAE86C8C1E7}.Debug|x86.Build.0 = Debug|x86
		{F0AEB8C5-71C4-4316-ABBF-EDAE86C8C1E7}.Release|x86.ActiveCfg = Release|x86
		{F0AEB8C5-71C4-4316-ABBF-EDAE86C8C1E7}.Release|x86.Build.0 = Release|x86
	EndGlobalSection
	GlobalSection(SolutionProperties) = preSolution
		HideSolutionNode = FALSE
	EndGlobalSection
EndGlobal
