
Microsoft Visual Studio Solution File, Format Version 11.00
# Visual Studio 2010
Project("{FAE04EC0-301F-11D3-BF4B-00C04F79EFBC}") = "279-ViewBox", "279-ViewBox\279-ViewBox.csproj", "{7280EB70-3D29-4480-A9A7-09A4E84C3107}"
EndProject
Global
	GlobalSection(SolutionConfigurationPlatforms) = preSolution
		Debug|x86 = Debug|x86
		Release|x86 = Release|x86
	EndGlobalSection
	GlobalSection(ProjectConfigurationPlatforms) = postSolution
		{7280EB70-3D29-4480-A9A7-09A4E84C3107}.Debug|x86.ActiveCfg = Debug|x86
		{7280EB70-3D29-4480-A9A7-09A4E84C3107}.Debug|x86.Build.0 = Debug|x86
		{7280EB70-3D29-4480-A9A7-09A4E84C3107}.Release|x86.ActiveCfg = Release|x86
		{7280EB70-3D29-4480-A9A7-09A4E84C3107}.Release|x86.Build.0 = Release|x86
	EndGlobalSection
	GlobalSection(SolutionProperties) = preSolution
		HideSolutionNode = FALSE
	EndGlobalSection
EndGlobal
