
Microsoft Visual Studio Solution File, Format Version 11.00
# Visual Studio 2010
Project("{FAE04EC0-301F-11D3-BF4B-00C04F79EFBC}") = "014-OperadoresAritmeticos", "014-OperadoresAritmeticos\014-OperadoresAritmeticos.csproj", "{93D33893-211E-4151-80A5-3F31A0B3EAC3}"
EndProject
Global
	GlobalSection(SolutionConfigurationPlatforms) = preSolution
		Debug|x86 = Debug|x86
		Release|x86 = Release|x86
	EndGlobalSection
	GlobalSection(ProjectConfigurationPlatforms) = postSolution
		{93D33893-211E-4151-80A5-3F31A0B3EAC3}.Debug|x86.ActiveCfg = Debug|x86
		{93D33893-211E-4151-80A5-3F31A0B3EAC3}.Debug|x86.Build.0 = Debug|x86
		{93D33893-211E-4151-80A5-3F31A0B3EAC3}.Release|x86.ActiveCfg = Release|x86
		{93D33893-211E-4151-80A5-3F31A0B3EAC3}.Release|x86.Build.0 = Release|x86
	EndGlobalSection
	GlobalSection(SolutionProperties) = preSolution
		HideSolutionNode = FALSE
	EndGlobalSection
EndGlobal
