
Microsoft Visual Studio Solution File, Format Version 11.00
# Visual Studio 2010
Project("{FAE04EC0-301F-11D3-BF4B-00C04F79EFBC}") = "313-Content", "313-Content\313-Content.csproj", "{1BBB9B3A-FD51-4349-A14B-6B73BE91F8D5}"
EndProject
Global
	GlobalSection(SolutionConfigurationPlatforms) = preSolution
		Debug|Any CPU = Debug|Any CPU
		Release|Any CPU = Release|Any CPU
	EndGlobalSection
	GlobalSection(ProjectConfigurationPlatforms) = postSolution
		{1BBB9B3A-FD51-4349-A14B-6B73BE91F8D5}.Debug|Any CPU.ActiveCfg = Debug|Any CPU
		{1BBB9B3A-FD51-4349-A14B-6B73BE91F8D5}.Debug|Any CPU.Build.0 = Debug|Any CPU
		{1BBB9B3A-FD51-4349-A14B-6B73BE91F8D5}.Release|Any CPU.ActiveCfg = Release|Any CPU
		{1BBB9B3A-FD51-4349-A14B-6B73BE91F8D5}.Release|Any CPU.Build.0 = Release|Any CPU
	EndGlobalSection
	GlobalSection(SolutionProperties) = preSolution
		HideSolutionNode = FALSE
	EndGlobalSection
EndGlobal
