
Microsoft Visual Studio Solution File, Format Version 11.00
# Visual Studio 2010
Project("{FAE04EC0-301F-11D3-BF4B-00C04F79EFBC}") = "382-Application", "382-Application\382-Application.csproj", "{61933AE6-CBD5-45F9-B6F7-303D6E40238E}"
EndProject
Global
	GlobalSection(SolutionConfigurationPlatforms) = preSolution
		Debug|Any CPU = Debug|Any CPU
		Release|Any CPU = Release|Any CPU
	EndGlobalSection
	GlobalSection(ProjectConfigurationPlatforms) = postSolution
		{61933AE6-CBD5-45F9-B6F7-303D6E40238E}.Debug|Any CPU.ActiveCfg = Debug|Any CPU
		{61933AE6-CBD5-45F9-B6F7-303D6E40238E}.Debug|Any CPU.Build.0 = Debug|Any CPU
		{61933AE6-CBD5-45F9-B6F7-303D6E40238E}.Release|Any CPU.ActiveCfg = Release|Any CPU
		{61933AE6-CBD5-45F9-B6F7-303D6E40238E}.Release|Any CPU.Build.0 = Release|Any CPU
	EndGlobalSection
	GlobalSection(SolutionProperties) = preSolution
		HideSolutionNode = FALSE
	EndGlobalSection
EndGlobal
