
Microsoft Visual Studio Solution File, Format Version 11.00
# Visual Studio 2010
Project("{FAE04EC0-301F-11D3-BF4B-00C04F79EFBC}") = "142-NestedQueries", "142-NestedQueries\142-NestedQueries.csproj", "{F7578A26-B3EB-4C19-BCCD-9C579103E3F5}"
EndProject
Global
	GlobalSection(SolutionConfigurationPlatforms) = preSolution
		Debug|Any CPU = Debug|Any CPU
		Release|Any CPU = Release|Any CPU
	EndGlobalSection
	GlobalSection(ProjectConfigurationPlatforms) = postSolution
		{F7578A26-B3EB-4C19-BCCD-9C579103E3F5}.Debug|Any CPU.ActiveCfg = Debug|Any CPU
		{F7578A26-B3EB-4C19-BCCD-9C579103E3F5}.Debug|Any CPU.Build.0 = Debug|Any CPU
		{F7578A26-B3EB-4C19-BCCD-9C579103E3F5}.Release|Any CPU.ActiveCfg = Release|Any CPU
		{F7578A26-B3EB-4C19-BCCD-9C579103E3F5}.Release|Any CPU.Build.0 = Release|Any CPU
	EndGlobalSection
	GlobalSection(SolutionProperties) = preSolution
		HideSolutionNode = FALSE
	EndGlobalSection
EndGlobal
