
Microsoft Visual Studio Solution File, Format Version 11.00
# Visual Studio 2010
Project("{FAE04EC0-301F-11D3-BF4B-00C04F79EFBC}") = "292-SilverlightASPNet", "292-SilverlightASPNet\292-SilverlightASPNet.csproj", "{5B63AD47-B8C0-4F53-9E52-324C3CBFD05D}"
EndProject
Project("{FAE04EC0-301F-11D3-BF4B-00C04F79EFBC}") = "292-SilverlightASPNet.Web", "292-SilverlightASPNet.Web\292-SilverlightASPNet.Web.csproj", "{D34520D3-7BD4-483C-8B93-22BD771C3279}"
EndProject
Global
	GlobalSection(SolutionConfigurationPlatforms) = preSolution
		Debug|Any CPU = Debug|Any CPU
		Release|Any CPU = Release|Any CPU
	EndGlobalSection
	GlobalSection(ProjectConfigurationPlatforms) = postSolution
		{5B63AD47-B8C0-4F53-9E52-324C3CBFD05D}.Debug|Any CPU.ActiveCfg = Debug|Any CPU
		{5B63AD47-B8C0-4F53-9E52-324C3CBFD05D}.Debug|Any CPU.Build.0 = Debug|Any CPU
		{5B63AD47-B8C0-4F53-9E52-324C3CBFD05D}.Release|Any CPU.ActiveCfg = Release|Any CPU
		{5B63AD47-B8C0-4F53-9E52-324C3CBFD05D}.Release|Any CPU.Build.0 = Release|Any CPU
		{D34520D3-7BD4-483C-8B93-22BD771C3279}.Debug|Any CPU.ActiveCfg = Debug|Any CPU
		{D34520D3-7BD4-483C-8B93-22BD771C3279}.Debug|Any CPU.Build.0 = Debug|Any CPU
		{D34520D3-7BD4-483C-8B93-22BD771C3279}.Release|Any CPU.ActiveCfg = Release|Any CPU
		{D34520D3-7BD4-483C-8B93-22BD771C3279}.Release|Any CPU.Build.0 = Release|Any CPU
	EndGlobalSection
	GlobalSection(SolutionProperties) = preSolution
		HideSolutionNode = FALSE
	EndGlobalSection
EndGlobal
