
Microsoft Visual Studio Solution File, Format Version 11.00
# Visual Studio 2010
Project("{FAE04EC0-301F-11D3-BF4B-00C04F79EFBC}") = "136-QueryParametrizada", "136-QueryParametrizada\136-QueryParametrizada.csproj", "{44275BB4-DE93-4BC4-8FFC-FFEBCAC69F9B}"
EndProject
Global
	GlobalSection(SolutionConfigurationPlatforms) = preSolution
		Debug|x86 = Debug|x86
		Release|x86 = Release|x86
	EndGlobalSection
	GlobalSection(ProjectConfigurationPlatforms) = postSolution
		{44275BB4-DE93-4BC4-8FFC-FFEBCAC69F9B}.Debug|x86.ActiveCfg = Debug|x86
		{44275BB4-DE93-4BC4-8FFC-FFEBCAC69F9B}.Debug|x86.Build.0 = Debug|x86
		{44275BB4-DE93-4BC4-8FFC-FFEBCAC69F9B}.Release|x86.ActiveCfg = Release|x86
		{44275BB4-DE93-4BC4-8FFC-FFEBCAC69F9B}.Release|x86.Build.0 = Release|x86
	EndGlobalSection
	GlobalSection(SolutionProperties) = preSolution
		HideSolutionNode = FALSE
	EndGlobalSection
EndGlobal
