
Microsoft Visual Studio Solution File, Format Version 11.00
# Visual Studio 2010
Project("{FAE04EC0-301F-11D3-BF4B-00C04F79EFBC}") = "047-Array", "047-Array\047-Array.csproj", "{D8C38A9B-05F8-4358-86F2-2B027DD3610D}"
EndProject
Global
	GlobalSection(SolutionConfigurationPlatforms) = preSolution
		Debug|x86 = Debug|x86
		Release|x86 = Release|x86
	EndGlobalSection
	GlobalSection(ProjectConfigurationPlatforms) = postSolution
		{D8C38A9B-05F8-4358-86F2-2B027DD3610D}.Debug|x86.ActiveCfg = Debug|x86
		{D8C38A9B-05F8-4358-86F2-2B027DD3610D}.Debug|x86.Build.0 = Debug|x86
		{D8C38A9B-05F8-4358-86F2-2B027DD3610D}.Release|x86.ActiveCfg = Release|x86
		{D8C38A9B-05F8-4358-86F2-2B027DD3610D}.Release|x86.Build.0 = Release|x86
	EndGlobalSection
	GlobalSection(SolutionProperties) = preSolution
		HideSolutionNode = FALSE
	EndGlobalSection
EndGlobal
