
Microsoft Visual Studio Solution File, Format Version 11.00
# Visual Studio 2010
Project("{FAE04EC0-301F-11D3-BF4B-00C04F79EFBC}") = "008-ValueTypes", "008-ValueTypes\008-ValueTypes.csproj", "{73B91DB3-5335-41CE-BDCB-0A47DC9D7DFE}"
EndProject
Global
	GlobalSection(SolutionConfigurationPlatforms) = preSolution
		Debug|x86 = Debug|x86
		Release|x86 = Release|x86
	EndGlobalSection
	GlobalSection(ProjectConfigurationPlatforms) = postSolution
		{73B91DB3-5335-41CE-BDCB-0A47DC9D7DFE}.Debug|x86.ActiveCfg = Debug|x86
		{73B91DB3-5335-41CE-BDCB-0A47DC9D7DFE}.Debug|x86.Build.0 = Debug|x86
		{73B91DB3-5335-41CE-BDCB-0A47DC9D7DFE}.Release|x86.ActiveCfg = Release|x86
		{73B91DB3-5335-41CE-BDCB-0A47DC9D7DFE}.Release|x86.Build.0 = Release|x86
	EndGlobalSection
	GlobalSection(SolutionProperties) = preSolution
		HideSolutionNode = FALSE
	EndGlobalSection
EndGlobal
