
Microsoft Visual Studio Solution File, Format Version 11.00
# Visual Studio 2010
Project("{FAE04EC0-301F-11D3-BF4B-00C04F79EFBC}") = "040-ToString", "040-ToString\040-ToString.csproj", "{DBAF4B2E-1E75-4957-9E8D-1B16DC31056E}"
EndProject
Global
	GlobalSection(SolutionConfigurationPlatforms) = preSolution
		Debug|x86 = Debug|x86
		Release|x86 = Release|x86
	EndGlobalSection
	GlobalSection(ProjectConfigurationPlatforms) = postSolution
		{DBAF4B2E-1E75-4957-9E8D-1B16DC31056E}.Debug|x86.ActiveCfg = Debug|x86
		{DBAF4B2E-1E75-4957-9E8D-1B16DC31056E}.Debug|x86.Build.0 = Debug|x86
		{DBAF4B2E-1E75-4957-9E8D-1B16DC31056E}.Release|x86.ActiveCfg = Release|x86
		{DBAF4B2E-1E75-4957-9E8D-1B16DC31056E}.Release|x86.Build.0 = Release|x86
	EndGlobalSection
	GlobalSection(SolutionProperties) = preSolution
		HideSolutionNode = FALSE
	EndGlobalSection
EndGlobal
