
Microsoft Visual Studio Solution File, Format Version 11.00
# Visual Studio 2010
Project("{FAE04EC0-301F-11D3-BF4B-00C04F79EFBC}") = "143-GroupBy", "143-GroupBy\143-GroupBy.csproj", "{DE227F8E-C627-4DA7-A507-E261C0A7BCF9}"
EndProject
Global
	GlobalSection(SolutionConfigurationPlatforms) = preSolution
		Debug|Any CPU = Debug|Any CPU
		Release|Any CPU = Release|Any CPU
	EndGlobalSection
	GlobalSection(ProjectConfigurationPlatforms) = postSolution
		{DE227F8E-C627-4DA7-A507-E261C0A7BCF9}.Debug|Any CPU.ActiveCfg = Debug|Any CPU
		{DE227F8E-C627-4DA7-A507-E261C0A7BCF9}.Debug|Any CPU.Build.0 = Debug|Any CPU
		{DE227F8E-C627-4DA7-A507-E261C0A7BCF9}.Release|Any CPU.ActiveCfg = Release|Any CPU
		{DE227F8E-C627-4DA7-A507-E261C0A7BCF9}.Release|Any CPU.Build.0 = Release|Any CPU
	EndGlobalSection
	GlobalSection(SolutionProperties) = preSolution
		HideSolutionNode = FALSE
	EndGlobalSection
EndGlobal
