
Microsoft Visual Studio Solution File, Format Version 11.00
# Visual Studio 2010
Project("{FAE04EC0-301F-11D3-BF4B-00C04F79EFBC}") = "092-DesignPatternDecorator", "092-DesignPatternDecorator\092-DesignPatternDecorator.csproj", "{41B5DF2E-3B88-4D39-867B-CD822C0FD96A}"
EndProject
Global
	GlobalSection(SolutionConfigurationPlatforms) = preSolution
		Debug|x86 = Debug|x86
		Release|x86 = Release|x86
	EndGlobalSection
	GlobalSection(ProjectConfigurationPlatforms) = postSolution
		{41B5DF2E-3B88-4D39-867B-CD822C0FD96A}.Debug|x86.ActiveCfg = Debug|x86
		{41B5DF2E-3B88-4D39-867B-CD822C0FD96A}.Debug|x86.Build.0 = Debug|x86
		{41B5DF2E-3B88-4D39-867B-CD822C0FD96A}.Release|x86.ActiveCfg = Release|x86
		{41B5DF2E-3B88-4D39-867B-CD822C0FD96A}.Release|x86.Build.0 = Release|x86
	EndGlobalSection
	GlobalSection(SolutionProperties) = preSolution
		HideSolutionNode = FALSE
	EndGlobalSection
EndGlobal
