
Microsoft Visual Studio Solution File, Format Version 11.00
# Visual Studio 2010
Project("{FAE04EC0-301F-11D3-BF4B-00C04F79EFBC}") = "074-IAnimal", "074-IAnimal\074-IAnimal.csproj", "{B827DFB3-A152-46CA-A5AF-1A953F0717F1}"
EndProject
Global
	GlobalSection(SolutionConfigurationPlatforms) = preSolution
		Debug|x86 = Debug|x86
		Release|x86 = Release|x86
	EndGlobalSection
	GlobalSection(ProjectConfigurationPlatforms) = postSolution
		{B827DFB3-A152-46CA-A5AF-1A953F0717F1}.Debug|x86.ActiveCfg = Debug|x86
		{B827DFB3-A152-46CA-A5AF-1A953F0717F1}.Debug|x86.Build.0 = Debug|x86
		{B827DFB3-A152-46CA-A5AF-1A953F0717F1}.Release|x86.ActiveCfg = Release|x86
		{B827DFB3-A152-46CA-A5AF-1A953F0717F1}.Release|x86.Build.0 = Release|x86
	EndGlobalSection
	GlobalSection(SolutionProperties) = preSolution
		HideSolutionNode = FALSE
	EndGlobalSection
EndGlobal
