
Microsoft Visual Studio Solution File, Format Version 11.00
# Visual Studio 2010
Project("{FAE04EC0-301F-11D3-BF4B-00C04F79EFBC}") = "355-ParameterizedThreadStart", "355-ParameterizedThreadStart\355-ParameterizedThreadStart.csproj", "{DF24BB3F-61B4-465B-A446-E0D2BFC95832}"
EndProject
Global
	GlobalSection(SolutionConfigurationPlatforms) = preSolution
		Debug|x86 = Debug|x86
		Release|x86 = Release|x86
	EndGlobalSection
	GlobalSection(ProjectConfigurationPlatforms) = postSolution
		{DF24BB3F-61B4-465B-A446-E0D2BFC95832}.Debug|x86.ActiveCfg = Debug|x86
		{DF24BB3F-61B4-465B-A446-E0D2BFC95832}.Debug|x86.Build.0 = Debug|x86
		{DF24BB3F-61B4-465B-A446-E0D2BFC95832}.Release|x86.ActiveCfg = Release|x86
		{DF24BB3F-61B4-465B-A446-E0D2BFC95832}.Release|x86.Build.0 = Release|x86
	EndGlobalSection
	GlobalSection(SolutionProperties) = preSolution
		HideSolutionNode = FALSE
	EndGlobalSection
EndGlobal
