
Microsoft Visual Studio Solution File, Format Version 11.00
# Visual Studio 2010
Project("{FAE04EC0-301F-11D3-BF4B-00C04F79EFBC}") = "160-xxxCommandProcSwap", "160-xxxCommandProcSwap\160-xxxCommandProcSwap.csproj", "{3E954F79-B2CD-4C29-AD72-9938E8504E96}"
EndProject
Global
	GlobalSection(SolutionConfigurationPlatforms) = preSolution
		Debug|x86 = Debug|x86
		Release|x86 = Release|x86
	EndGlobalSection
	GlobalSection(ProjectConfigurationPlatforms) = postSolution
		{3E954F79-B2CD-4C29-AD72-9938E8504E96}.Debug|x86.ActiveCfg = Debug|x86
		{3E954F79-B2CD-4C29-AD72-9938E8504E96}.Debug|x86.Build.0 = Debug|x86
		{3E954F79-B2CD-4C29-AD72-9938E8504E96}.Release|x86.ActiveCfg = Release|x86
		{3E954F79-B2CD-4C29-AD72-9938E8504E96}.Release|x86.Build.0 = Release|x86
	EndGlobalSection
	GlobalSection(SolutionProperties) = preSolution
		HideSolutionNode = FALSE
	EndGlobalSection
EndGlobal
