
Microsoft Visual Studio Solution File, Format Version 11.00
# Visual Studio 2010
Project("{FAE04EC0-301F-11D3-BF4B-00C04F79EFBC}") = "303-MaxMin", "303-MaxMin\303-MaxMin.csproj", "{DAAE7110-4CA4-4974-8EB8-5DEA80D2E5E5}"
EndProject
Global
	GlobalSection(SolutionConfigurationPlatforms) = preSolution
		Debug|Any CPU = Debug|Any CPU
		Release|Any CPU = Release|Any CPU
	EndGlobalSection
	GlobalSection(ProjectConfigurationPlatforms) = postSolution
		{DAAE7110-4CA4-4974-8EB8-5DEA80D2E5E5}.Debug|Any CPU.ActiveCfg = Debug|Any CPU
		{DAAE7110-4CA4-4974-8EB8-5DEA80D2E5E5}.Debug|Any CPU.Build.0 = Debug|Any CPU
		{DAAE7110-4CA4-4974-8EB8-5DEA80D2E5E5}.Release|Any CPU.ActiveCfg = Release|Any CPU
		{DAAE7110-4CA4-4974-8EB8-5DEA80D2E5E5}.Release|Any CPU.Build.0 = Release|Any CPU
	EndGlobalSection
	GlobalSection(SolutionProperties) = preSolution
		HideSolutionNode = FALSE
	EndGlobalSection
EndGlobal
