
Microsoft Visual Studio Solution File, Format Version 11.00
# Visual Studio 2010
Project("{FAE04EC0-301F-11D3-BF4B-00C04F79EFBC}") = "291-HelloWorld", "291-HelloWorld\291-HelloWorld.csproj", "{FF9C0EE3-C2EB-4133-8D76-A6019530D9A2}"
EndProject
Global
	GlobalSection(SolutionConfigurationPlatforms) = preSolution
		Debug|Any CPU = Debug|Any CPU
		Release|Any CPU = Release|Any CPU
	EndGlobalSection
	GlobalSection(ProjectConfigurationPlatforms) = postSolution
		{FF9C0EE3-C2EB-4133-8D76-A6019530D9A2}.Debug|Any CPU.ActiveCfg = Debug|Any CPU
		{FF9C0EE3-C2EB-4133-8D76-A6019530D9A2}.Debug|Any CPU.Build.0 = Debug|Any CPU
		{FF9C0EE3-C2EB-4133-8D76-A6019530D9A2}.Release|Any CPU.ActiveCfg = Release|Any CPU
		{FF9C0EE3-C2EB-4133-8D76-A6019530D9A2}.Release|Any CPU.Build.0 = Release|Any CPU
	EndGlobalSection
	GlobalSection(SolutionProperties) = preSolution
		HideSolutionNode = FALSE
	EndGlobalSection
EndGlobal
